
Microsoft Visual Studio Solution File, Format Version 12.00
# Visual Studio 15
VisualStudioVersion = 15.0.28010.2046
MinimumVisualStudioVersion = 10.0.40219.1
Project("{FAE04EC0-301F-11D3-BF4B-00C04F79EFBC}") = "Tienda", "Tienda\Tienda.csproj", "{70C63C48-2DA1-43CB-B9DF-A1B13CD53962}"
	ProjectSection(ProjectDependencies) = postProject
		{9461F89A-05DF-4483-B619-E99A8D258513} = {9461F89A-05DF-4483-B619-E99A8D258513}
	EndProjectSection
EndProject
Project("{FAE04EC0-301F-11D3-BF4B-00C04F79EFBC}") = "RestAPI", "RestAPI\RestAPI.csproj", "{9461F89A-05DF-4483-B619-E99A8D258513}"
EndProject
Global
	GlobalSection(SolutionConfigurationPlatforms) = preSolution
		Debug|Any CPU = Debug|Any CPU
		Release|Any CPU = Release|Any CPU
	EndGlobalSection
	GlobalSection(ProjectConfigurationPlatforms) = postSolution
		{70C63C48-2DA1-43CB-B9DF-A1B13CD53962}.Debug|Any CPU.ActiveCfg = Debug|Any CPU
		{70C63C48-2DA1-43CB-B9DF-A1B13CD53962}.Debug|Any CPU.Build.0 = Debug|Any CPU
		{70C63C48-2DA1-43CB-B9DF-A1B13CD53962}.Release|Any CPU.ActiveCfg = Release|Any CPU
		{70C63C48-2DA1-43CB-B9DF-A1B13CD53962}.Release|Any CPU.Build.0 = Release|Any CPU
		{9461F89A-05DF-4483-B619-E99A8D258513}.Debug|Any CPU.ActiveCfg = Debug|Any CPU
		{9461F89A-05DF-4483-B619-E99A8D258513}.Debug|Any CPU.Build.0 = Debug|Any CPU
		{9461F89A-05DF-4483-B619-E99A8D258513}.Release|Any CPU.ActiveCfg = Release|Any CPU
		{9461F89A-05DF-4483-B619-E99A8D258513}.Release|Any CPU.Build.0 = Release|Any CPU
	EndGlobalSection
	GlobalSection(SolutionProperties) = preSolution
		HideSolutionNode = FALSE
	EndGlobalSection
	GlobalSection(ExtensibilityGlobals) = postSolution
		SolutionGuid = {0394F549-033F-406A-8C49-18C6D0E4DC5F}
	EndGlobalSection
EndGlobal
